
Microsoft Visual Studio Solution File, Format Version 12.00
# Visual Studio Version 17
VisualStudioVersion = 17.12.35527.113 d17.12
MinimumVisualStudioVersion = 10.0.40219.1
Project("{FAE04EC0-301F-11D3-BF4B-00C04F79EFBC}") = "JsonBuilder", "JsonBuilder\JsonBuilder.csproj", "{0DD96F28-320C-409C-83E5-C344456E548E}"
EndProject
Project("{FAE04EC0-301F-11D3-BF4B-00C04F79EFBC}") = "JsonBuilder.Core", "JsonBuilder.Core\JsonBuilder.Core.csproj", "{1AA53FDC-20C8-4787-9D17-54232A208CD3}"
EndProject
Global
	GlobalSection(SolutionConfigurationPlatforms) = preSolution
		Debug|Any CPU = Debug|Any CPU
		Release|Any CPU = Release|Any CPU
	EndGlobalSection
	GlobalSection(ProjectConfigurationPlatforms) = postSolution
		{0DD96F28-320C-409C-83E5-C344456E548E}.Debug|Any CPU.ActiveCfg = Debug|Any CPU
		{0DD96F28-320C-409C-83E5-C344456E548E}.Debug|Any CPU.Build.0 = Debug|Any CPU
		{0DD96F28-320C-409C-83E5-C344456E548E}.Release|Any CPU.ActiveCfg = Release|Any CPU
		{0DD96F28-320C-409C-83E5-C344456E548E}.Release|Any CPU.Build.0 = Release|Any CPU
		{1AA53FDC-20C8-4787-9D17-54232A208CD3}.Debug|Any CPU.ActiveCfg = Debug|Any CPU
		{1AA53FDC-20C8-4787-9D17-54232A208CD3}.Debug|Any CPU.Build.0 = Debug|Any CPU
		{1AA53FDC-20C8-4787-9D17-54232A208CD3}.Release|Any CPU.ActiveCfg = Release|Any CPU
		{1AA53FDC-20C8-4787-9D17-54232A208CD3}.Release|Any CPU.Build.0 = Release|Any CPU
	EndGlobalSection
	GlobalSection(SolutionProperties) = preSolution
		HideSolutionNode = FALSE
	EndGlobalSection
EndGlobal
